# THIS IS AN AUTOGENERATED FILE. DO NOT EDIT THIS FILE DIRECTLY.
# yarn lockfile v1


"@babel/parser@^7.16.4":
  version "7.19.0"
  resolved "https://registry.npmmirror.com/@babel/parser/-/parser-7.19.0.tgz#497fcafb1d5b61376959c1c338745ef0577aa02c"
  integrity sha512-74bEXKX2h+8rrfQUfsBfuZZHzsEs6Eql4pqy/T4Nn6Y9wNPggQOqD6z6pn5Bl8ZfysKouFZT/UXEH94ummEeQw==

"@babel/runtime@^7.12.0":
  version "7.19.0"
  resolved "https://registry.npmmirror.com/@babel/runtime/-/runtime-7.19.0.tgz#22b11c037b094d27a8a2504ea4dcff00f50e2259"
  integrity sha512-eR8Lo9hnDS7tqkO7NsV+mKvCmv5boaXFSZ70DnfhcgiEne8hv9oCEd36Klw74EtizEqLsy4YnW8UWwpBVolHZA==
  dependencies:
    regenerator-runtime "^0.13.4"

"@ctrl/tinycolor@^3.4.0":
  version "3.4.1"
  resolved "https://registry.npmmirror.com/@ctrl/tinycolor/-/tinycolor-3.4.1.tgz#75b4c27948c81e88ccd3a8902047bcd797f38d32"
  integrity sha512-ej5oVy6lykXsvieQtqZxCOaLT+xD4+QNarq78cIYISHmZXshCvROLudpQN3lfL8G0NL7plMSSK+zlyvCaIJ4Iw==

"@element-plus/icons-vue@^0.2.4":
  version "0.2.7"
  resolved "https://registry.npmmirror.com/@element-plus/icons-vue/-/icons-vue-0.2.7.tgz#c0b75363098bf1fba414e18706604bfe5057ae1b"
  integrity sha512-S8kDbfVaWkQvbUYQE1ui448tzaHfUvyESCep9J6uPRlViyQPXjdIfwLBhV6AmQSOfFS8rL+xehJGhvzPXLrSBg==

"@element-plus/icons-vue@^1.0.0":
  version "1.1.4"
  resolved "https://registry.npmmirror.com/@element-plus/icons-vue/-/icons-vue-1.1.4.tgz#5d2788ea356f1458068e6d400e724ca5f3d29aca"
  integrity sha512-Iz/nHqdp1sFPmdzRwHkEQQA3lKvoObk8azgABZ81QUOpW9s/lUyQVUSh0tNtEPZXQlKwlSh7SPgoVxzrE0uuVQ==

"@intlify/core-base@9.2.2":
  version "9.2.2"
  resolved "https://registry.npmmirror.com/@intlify/core-base/-/core-base-9.2.2.tgz#5353369b05cc9fe35cab95fe20afeb8a4481f939"
  integrity sha512-JjUpQtNfn+joMbrXvpR4hTF8iJQ2sEFzzK3KIESOx+f+uwIjgw20igOyaIdhfsVVBCds8ZM64MoeNSx+PHQMkA==
  dependencies:
    "@intlify/devtools-if" "9.2.2"
    "@intlify/message-compiler" "9.2.2"
    "@intlify/shared" "9.2.2"
    "@intlify/vue-devtools" "9.2.2"

"@intlify/devtools-if@9.2.2":
  version "9.2.2"
  resolved "https://registry.npmmirror.com/@intlify/devtools-if/-/devtools-if-9.2.2.tgz#b13d9ac4b4e2fe6d2e7daa556517a8061fe8bd39"
  integrity sha512-4ttr/FNO29w+kBbU7HZ/U0Lzuh2cRDhP8UlWOtV9ERcjHzuyXVZmjyleESK6eVP60tGC9QtQW9yZE+JeRhDHkg==
  dependencies:
    "@intlify/shared" "9.2.2"

"@intlify/message-compiler@9.2.2":
  version "9.2.2"
  resolved "https://registry.npmmirror.com/@intlify/message-compiler/-/message-compiler-9.2.2.tgz#e42ab6939b8ae5b3d21faf6a44045667a18bba1c"
  integrity sha512-IUrQW7byAKN2fMBe8z6sK6riG1pue95e5jfokn8hA5Q3Bqy4MBJ5lJAofUsawQJYHeoPJ7svMDyBaVJ4d0GTtA==
  dependencies:
    "@intlify/shared" "9.2.2"
    source-map "0.6.1"

"@intlify/shared@9.2.2":
  version "9.2.2"
  resolved "https://registry.npmmirror.com/@intlify/shared/-/shared-9.2.2.tgz#5011be9ca2b4ab86f8660739286e2707f9abb4a5"
  integrity sha512-wRwTpsslgZS5HNyM7uDQYZtxnbI12aGiBZURX3BTR9RFIKKRWpllTsgzHWvj3HKm3Y2Sh5LPC1r0PDCKEhVn9Q==

"@intlify/vue-devtools@9.2.2":
  version "9.2.2"
  resolved "https://registry.npmmirror.com/@intlify/vue-devtools/-/vue-devtools-9.2.2.tgz#b95701556daf7ebb3a2d45aa3ae9e6415aed8317"
  integrity sha512-+dUyqyCHWHb/UcvY1MlIpO87munedm3Gn6E9WWYdWrMuYLcoIoOEVDWSS8xSwtlPU+kA+MEQTP6Q1iI/ocusJg==
  dependencies:
    "@intlify/core-base" "9.2.2"
    "@intlify/shared" "9.2.2"

"@popperjs/core@^2.10.2":
  version "2.11.6"
  resolved "https://registry.npmmirror.com/@popperjs/core/-/core-2.11.6.tgz#cee20bd55e68a1720bdab363ecf0c821ded4cd45"
  integrity sha512-50/17A98tWUfQ176raKiOGXuYpLyyVMkxxG6oylzL3BPOlA6ADGdK7EYunSa4I064xerltq9TGXs8HmOk5E+vw==

"@transloadit/prettier-bytes@0.0.7":
  version "0.0.7"
  resolved "https://registry.npmmirror.com/@transloadit/prettier-bytes/-/prettier-bytes-0.0.7.tgz#cdb5399f445fdd606ed833872fa0cabdbc51686b"
  integrity sha512-VeJbUb0wEKbcwaSlj5n+LscBl9IPgLPkHVGBkh00cztv6X4L/TJXK58LzFuBKX7/GAfiGhIwH67YTLTlzvIzBA==

"@types/event-emitter@^0.3.3":
  version "0.3.3"
  resolved "https://registry.npmmirror.com/@types/event-emitter/-/event-emitter-0.3.3.tgz#727032a9fc67565f96bbd78b2e2809275c97d7e7"
  integrity sha512-UfnOK1pIxO7P+EgPRZXD9jMpimd8QEFcEZ5R67R1UhGbv4zghU5+NE7U8M8G9H5Jc8FI51rqDWQs6FtUfq2e/Q==

"@uppy/companion-client@^2.2.2":
  version "2.2.2"
  resolved "https://registry.npmmirror.com/@uppy/companion-client/-/companion-client-2.2.2.tgz#c70b42fdcca728ef88b3eebf7ee3e2fa04b4923b"
  integrity sha512-5mTp2iq97/mYSisMaBtFRry6PTgZA6SIL7LePteOV5x0/DxKfrZW3DEiQERJmYpHzy7k8johpm2gHnEKto56Og==
  dependencies:
    "@uppy/utils" "^4.1.2"
    namespace-emitter "^2.0.1"

"@uppy/core@^2.1.1":
  version "2.3.3"
  resolved "https://registry.npmmirror.com/@uppy/core/-/core-2.3.3.tgz#c2dc50a9a3dce6d565490780b2fc35b32367e047"
  integrity sha512-oTFYZT02dIoUGm8Ar6+Tg/xbL8MliwiPQdiuoCimPBmY19ZhuJm/K4wEYZ6nOFeYsgBWYi1yWfsmdx8LvFVx4g==
  dependencies:
    "@transloadit/prettier-bytes" "0.0.7"
    "@uppy/store-default" "^2.1.1"
    "@uppy/utils" "^4.1.2"
    lodash.throttle "^4.1.1"
    mime-match "^1.0.2"
    namespace-emitter "^2.0.1"
    nanoid "^3.1.25"
    preact "^10.5.13"

"@uppy/store-default@^2.1.1":
  version "2.1.1"
  resolved "https://registry.npmmirror.com/@uppy/store-default/-/store-default-2.1.1.tgz#62a656a099bdaa012306e054d093754cb2d36e3e"
  integrity sha512-xnpTxvot2SeAwGwbvmJ899ASk5tYXhmZzD/aCFsXePh/v8rNvR2pKlcQUH7cF/y4baUGq3FHO/daKCok/mpKqQ==

"@uppy/utils@^4.1.2":
  version "4.1.3"
  resolved "https://registry.npmmirror.com/@uppy/utils/-/utils-4.1.3.tgz#9d0be6ece4df25f228d30ef40be0f14208258ce3"
  integrity sha512-nTuMvwWYobnJcytDO3t+D6IkVq/Qs4Xv3vyoEZ+Iaf8gegZP+rEyoaFT2CK5XLRMienPyqRqNbIfRuFaOWSIFw==
  dependencies:
    lodash.throttle "^4.1.1"

"@uppy/xhr-upload@^2.0.3":
  version "2.1.3"
  resolved "https://registry.npmmirror.com/@uppy/xhr-upload/-/xhr-upload-2.1.3.tgz#0d4e355332fe0c6eb372d7731315e04d02aeeb18"
  integrity sha512-YWOQ6myBVPs+mhNjfdWsQyMRWUlrDLMoaG7nvf/G6Y3GKZf8AyjFDjvvJ49XWQ+DaZOftGkHmF1uh/DBeGivJQ==
  dependencies:
    "@uppy/companion-client" "^2.2.2"
    "@uppy/utils" "^4.1.2"
    nanoid "^3.1.25"

"@vitejs/plugin-vue@^1.2.3":
  version "1.10.2"
  resolved "https://registry.npmmirror.com/@vitejs/plugin-vue/-/plugin-vue-1.10.2.tgz#d718479e2789d8a94b63e00f23f1898ba239253a"
  integrity sha512-/QJ0Z9qfhAFtKRY+r57ziY4BSbGUTGsPRMpB/Ron3QPwBZM4OZAZHdTa4a8PafCwU5DTatXG8TMDoP8z+oDqJw==

"@vue/compiler-core@3.2.39":
  version "3.2.39"
  resolved "https://registry.npmmirror.com/@vue/compiler-core/-/compiler-core-3.2.39.tgz#0d77e635f4bdb918326669155a2dc977c053943e"
  integrity sha512-mf/36OWXqWn0wsC40nwRRGheR/qoID+lZXbIuLnr4/AngM0ov8Xvv8GHunC0rKRIkh60bTqydlqTeBo49rlbqw==
  dependencies:
    "@babel/parser" "^7.16.4"
    "@vue/shared" "3.2.39"
    estree-walker "^2.0.2"
    source-map "^0.6.1"

"@vue/compiler-dom@3.2.39":
  version "3.2.39"
  resolved "https://registry.npmmirror.com/@vue/compiler-dom/-/compiler-dom-3.2.39.tgz#bd69d35c1a48fe2cea4ab9e96d2a3a735d146fdf"
  integrity sha512-HMFI25Be1C8vLEEv1hgEO1dWwG9QQ8LTTPmCkblVJY/O3OvWx6r1+zsox5mKPMGvqYEZa6l8j+xgOfUspgo7hw==
  dependencies:
    "@vue/compiler-core" "3.2.39"
    "@vue/shared" "3.2.39"

"@vue/compiler-sfc@3.2.39", "@vue/compiler-sfc@^3.1.2":
  version "3.2.39"
  resolved "https://registry.npmmirror.com/@vue/compiler-sfc/-/compiler-sfc-3.2.39.tgz#8fe29990f672805b7c5a2ecfa5b05e681c862ea2"
  integrity sha512-fqAQgFs1/BxTUZkd0Vakn3teKUt//J3c420BgnYgEOoVdTwYpBTSXCMJ88GOBCylmUBbtquGPli9tVs7LzsWIA==
  dependencies:
    "@babel/parser" "^7.16.4"
    "@vue/compiler-core" "3.2.39"
    "@vue/compiler-dom" "3.2.39"
    "@vue/compiler-ssr" "3.2.39"
    "@vue/reactivity-transform" "3.2.39"
    "@vue/shared" "3.2.39"
    estree-walker "^2.0.2"
    magic-string "^0.25.7"
    postcss "^8.1.10"
    source-map "^0.6.1"

"@vue/compiler-ssr@3.2.39":
  version "3.2.39"
  resolved "https://registry.npmmirror.com/@vue/compiler-ssr/-/compiler-ssr-3.2.39.tgz#4f3bfb535cb98b764bee45e078700e03ccc60633"
  integrity sha512-EoGCJ6lincKOZGW+0Ky4WOKsSmqL7hp1ZYgen8M7u/mlvvEQUaO9tKKOy7K43M9U2aA3tPv0TuYYQFrEbK2eFQ==
  dependencies:
    "@vue/compiler-dom" "3.2.39"
    "@vue/shared" "3.2.39"

"@vue/devtools-api@^6.0.0-beta.11", "@vue/devtools-api@^6.1.4", "@vue/devtools-api@^6.2.1":
  version "6.2.1"
  resolved "https://registry.npmmirror.com/@vue/devtools-api/-/devtools-api-6.2.1.tgz#6f2948ff002ec46df01420dfeff91de16c5b4092"
  integrity sha512-OEgAMeQXvCoJ+1x8WyQuVZzFo0wcyCmUR3baRVLmKBo1LmYZWMlRiXlux5jd0fqVJu6PfDbOrZItVqUEzLobeQ==

"@vue/reactivity-transform@3.2.39":
  version "3.2.39"
  resolved "https://registry.npmmirror.com/@vue/reactivity-transform/-/reactivity-transform-3.2.39.tgz#da6ae6c8fd77791b9ae21976720d116591e1c4aa"
  integrity sha512-HGuWu864zStiWs9wBC6JYOP1E00UjMdDWIG5W+FpUx28hV3uz9ODOKVNm/vdOy/Pvzg8+OcANxAVC85WFBbl3A==
  dependencies:
    "@babel/parser" "^7.16.4"
    "@vue/compiler-core" "3.2.39"
    "@vue/shared" "3.2.39"
    estree-walker "^2.0.2"
    magic-string "^0.25.7"

"@vue/reactivity@3.2.39":
  version "3.2.39"
  resolved "https://registry.npmmirror.com/@vue/reactivity/-/reactivity-3.2.39.tgz#e6e3615fe2288d4232b104640ddabd0729a78c80"
  integrity sha512-vlaYX2a3qMhIZfrw3Mtfd+BuU+TZmvDrPMa+6lpfzS9k/LnGxkSuf0fhkP0rMGfiOHPtyKoU9OJJJFGm92beVQ==
  dependencies:
    "@vue/shared" "3.2.39"

"@vue/runtime-core@3.2.39":
  version "3.2.39"
  resolved "https://registry.npmmirror.com/@vue/runtime-core/-/runtime-core-3.2.39.tgz#dc1faccab11b3e81197aba33fb30c9447c1d2c84"
  integrity sha512-xKH5XP57JW5JW+8ZG1khBbuLakINTgPuINKL01hStWLTTGFOrM49UfCFXBcFvWmSbci3gmJyLl2EAzCaZWsx8g==
  dependencies:
    "@vue/reactivity" "3.2.39"
    "@vue/shared" "3.2.39"

"@vue/runtime-dom@3.2.39":
  version "3.2.39"
  resolved "https://registry.npmmirror.com/@vue/runtime-dom/-/runtime-dom-3.2.39.tgz#4a8cb132bcef316e8151c5ed07fc7272eb064614"
  integrity sha512-4G9AEJP+sLhsqf5wXcyKVWQKUhI+iWfy0hWQgea+CpaTD7BR0KdQzvoQdZhwCY6B3oleSyNLkLAQwm0ya/wNoA==
  dependencies:
    "@vue/runtime-core" "3.2.39"
    "@vue/shared" "3.2.39"
    csstype "^2.6.8"

"@vue/server-renderer@3.2.39":
  version "3.2.39"
  resolved "https://registry.npmmirror.com/@vue/server-renderer/-/server-renderer-3.2.39.tgz#4358292d925233b0d8b54cf0513eaece8b2351c5"
  integrity sha512-1yn9u2YBQWIgytFMjz4f/t0j43awKytTGVptfd3FtBk76t1pd8mxbek0G/DrnjJhd2V7mSTb5qgnxMYt8Z5iSQ==
  dependencies:
    "@vue/compiler-ssr" "3.2.39"
    "@vue/shared" "3.2.39"

"@vue/shared@3.2.39":
  version "3.2.39"
  resolved "https://registry.npmmirror.com/@vue/shared/-/shared-3.2.39.tgz#302df167559a1a5156da162d8cc6760cef67f8e3"
  integrity sha512-D3dl2ZB9qE6mTuWPk9RlhDeP1dgNRUKC3NJxji74A4yL8M2MwlhLKUC/49WHjrNzSPug58fWx/yFbaTzGAQSBw==

"@vueuse/core@^7.3.0":
  version "7.7.1"
  resolved "https://registry.npmmirror.com/@vueuse/core/-/core-7.7.1.tgz#fc284f4103de73c7fb79bc06579d8066790db511"
  integrity sha512-PRRgbATMpoeUmkCEBtUeJgOwtew8s+4UsEd+Pm7MhkjL2ihCNrSqxNVtM6NFE4uP2sWnkGcZpCjPuNSxowJ1Ow==
  dependencies:
    "@vueuse/shared" "7.7.1"
    vue-demi "*"

"@vueuse/shared@7.7.1":
  version "7.7.1"
  resolved "https://registry.npmmirror.com/@vueuse/shared/-/shared-7.7.1.tgz#77e312de7275380efce86b0079bd7938791a076b"
  integrity sha512-rN2qd22AUl7VdBxihagWyhUNHCyVk9IpvBTTfHoLH9G7rGE552X1f+zeCfehuno0zXif13jPw+icW/wn2a0rnQ==
  dependencies:
    vue-demi "*"

"@wangeditor/basic-modules@^1.1.5":
  version "1.1.5"
  resolved "https://registry.npmmirror.com/@wangeditor/basic-modules/-/basic-modules-1.1.5.tgz#098c05d934e7dbdca33af7c221a29cbe62b67cb9"
  integrity sha512-rq69or2qs400RhzqpRczYAJQN+RzWOElhmCYuDOgMGvL7OAZUMNHcuihzVmP4sj0EGVIsjnTq1bWaRF654ladw==
  dependencies:
    is-url "^1.2.4"

"@wangeditor/code-highlight@^1.0.3":
  version "1.0.3"
  resolved "https://registry.npmmirror.com/@wangeditor/code-highlight/-/code-highlight-1.0.3.tgz#90256857714d5c0cf83ac475aea64db7bf29a7cd"
  integrity sha512-iazHwO14XpCuIWJNTQTikqUhGKyqj+dUNWJ9288Oym9M2xMVHvnsOmDU2sgUDWVy+pOLojReMPgXCsvvNlOOhw==
  dependencies:
    prismjs "^1.23.0"

"@wangeditor/core@^1.1.14":
  version "1.1.14"
  resolved "https://registry.npmmirror.com/@wangeditor/core/-/core-1.1.14.tgz#5de86b8828b2d7d07a0603123f151554e19c810f"
  integrity sha512-pq33BxvDUUGL08+YJiWyG7RCI6xKCInxuzMDwPSJ+0h1oLQMcT2I37MXnghDPAl2+rpKFJBbS6AwRsysp0K4vw==
  dependencies:
    "@types/event-emitter" "^0.3.3"
    event-emitter "^0.3.5"
    html-void-elements "^2.0.0"
    i18next "^20.4.0"
    scroll-into-view-if-needed "^2.2.28"
    slate-history "^0.66.0"

"@wangeditor/editor-for-vue@^5.1.12":
  version "5.1.12"
  resolved "https://registry.npmmirror.com/@wangeditor/editor-for-vue/-/editor-for-vue-5.1.12.tgz#f7d5f239b39cdfc01d31151488de8443fe6edc64"
  integrity sha512-0Ds3D8I+xnpNWezAeO7HmPRgTfUxHLMd9JKcIw+QzvSmhC5xUHbpCcLU+KLmeBKTR/zffnS5GQo6qi3GhTMJWQ==

"@wangeditor/editor@^5.1.18":
  version "5.1.18"
  resolved "https://registry.npmmirror.com/@wangeditor/editor/-/editor-5.1.18.tgz#58bb7f398e6f99d8c4901137e69814c3b6a757be"
  integrity sha512-mt5IeNjVQgCPmUeHygcEoz/1lhujx7GjeAERaAt+RaeB2+TZCzOBqqx+0nVIdmVBDDwyu1OabWyS4Pc7tEvzVA==
  dependencies:
    "@uppy/core" "^2.1.1"
    "@uppy/xhr-upload" "^2.0.3"
    "@wangeditor/basic-modules" "^1.1.5"
    "@wangeditor/code-highlight" "^1.0.3"
    "@wangeditor/core" "^1.1.14"
    "@wangeditor/list-module" "^1.0.3"
    "@wangeditor/table-module" "^1.1.3"
    "@wangeditor/upload-image-module" "^1.0.2"
    "@wangeditor/video-module" "^1.1.3"
    dom7 "^3.0.0"
    is-hotkey "^0.2.0"
    lodash.camelcase "^4.3.0"
    lodash.clonedeep "^4.5.0"
    lodash.debounce "^4.0.8"
    lodash.foreach "^4.5.0"
    lodash.isequal "^4.5.0"
    lodash.throttle "^4.1.1"
    lodash.toarray "^4.4.0"
    nanoid "^3.2.0"
    slate "^0.72.0"
    snabbdom "^3.1.0"

"@wangeditor/list-module@^1.0.3":
  version "1.0.3"
  resolved "https://registry.npmmirror.com/@wangeditor/list-module/-/list-module-1.0.3.tgz#52b12ed61b5cd48a591e835b4d2cb41feec0b5ac"
  integrity sha512-hH1OZGT0pBPSywFyGELkPHh9bGJQk5fcGgP9S3cXcQYxrPPhnAKjCCr5YzFzZhaSI6Epj83HfOHaAelEjkibNg==

"@wangeditor/table-module@^1.1.3":
  version "1.1.3"
  resolved "https://registry.npmmirror.com/@wangeditor/table-module/-/table-module-1.1.3.tgz#bfd2a8eaa6df9dc32d61f4114bebf7a364cb41f5"
  integrity sha512-rV+7k1z1cL/z0txK3W2/iqjwglEi+hgwhq626dJHH7ryrh/Ale0O+Tte548FG+bAwVIWjtZDHpJQl84P4Xy8Pw==

"@wangeditor/upload-image-module@^1.0.2":
  version "1.0.2"
  resolved "https://registry.npmmirror.com/@wangeditor/upload-image-module/-/upload-image-module-1.0.2.tgz#89e9b9467e10cbc6b11dc5748e08dd23aaebee30"
  integrity sha512-z81lk/v71OwPDYeQDxj6cVr81aDP90aFuywb8nPD6eQeECtOymrqRODjpO6VGvCVxVck8nUxBHtbxKtjgcwyiA==

"@wangeditor/video-module@^1.1.3":
  version "1.1.3"
  resolved "https://registry.npmmirror.com/@wangeditor/video-module/-/video-module-1.1.3.tgz#64bb4392b064261517f8c8bbccf39434d4596a73"
  integrity sha512-3FYDGJ/FN1A/4k247UOOEsJJ9I7wcnw1QdEcpPr4ybKrdSn6F80/YzpC1xUltADmhrD/J/bOCyuZ41kN0JIg6Q==

async-validator@^4.0.7:
  version "4.2.5"
  resolved "https://registry.npmmirror.com/async-validator/-/async-validator-4.2.5.tgz#c96ea3332a521699d0afaaceed510a54656c6339"
  integrity sha512-7HhHjtERjqlNbZtqNqy2rckN/SpOOlmDliet+lP7k+eKZEjPk3DgyeU9lIXLdeLz0uBbbVp+9Qdow9wJWgwwfg==

axios@^0.21.1:
  version "0.21.4"
  resolved "https://registry.npmmirror.com/axios/-/axios-0.21.4.tgz#c67b90dc0568e5c1cf2b0b858c43ba28e2eda575"
  integrity sha512-ut5vewkiu8jjGBdqpM44XxjuCjq9LAKeHVmoVfHVzy8eHgxxq8SbAVQNovDA8mVi05kP0Ea/n/UzcSHcTJQfNg==
  dependencies:
    follow-redirects "^1.14.0"

call-bind@^1.0.0:
  version "1.0.2"
  resolved "https://registry.npmmirror.com/call-bind/-/call-bind-1.0.2.tgz#b1d4e89e688119c3c9a903ad30abb2f6a919be3c"
  integrity sha512-7O+FbCihrB5WGbFYesctwmTKae6rOiIzmz1icreWJ+0aA7LJfuqhEso2T9ncpcFtzMQtzXf2QGGueWJGTYsqrA==
  dependencies:
    function-bind "^1.1.1"
    get-intrinsic "^1.0.2"

compute-scroll-into-view@^1.0.17:
  version "1.0.17"
  resolved "https://registry.npmmirror.com/compute-scroll-into-view/-/compute-scroll-into-view-1.0.17.tgz#6a88f18acd9d42e9cf4baa6bec7e0522607ab7ab"
  integrity sha512-j4dx+Fb0URmzbwwMUrhqWM2BEWHdFGx+qZ9qqASHRPqvTYdqvWnHg0H1hIbcyLnvgnoNAVMlwkepyqM3DaIFUg==

cropperjs@^1.5.6:
  version "1.5.12"
  resolved "https://registry.npmmirror.com/cropperjs/-/cropperjs-1.5.12.tgz#d9c0db2bfb8c0d769d51739e8f916bbc44e10f50"
  integrity sha512-re7UdjE5UnwdrovyhNzZ6gathI4Rs3KGCBSc8HCIjUo5hO42CtzyblmWLj6QWVw7huHyDMfpKxhiO2II77nhDw==

csstype@^2.6.8:
  version "2.6.20"
  resolved "https://registry.npmmirror.com/csstype/-/csstype-2.6.20.tgz#9229c65ea0b260cf4d3d997cb06288e36a8d6dda"
  integrity sha512-/WwNkdXfckNgw6S5R125rrW8ez139lBHWouiBvX8dfMFtcn6V81REDqnH7+CRpRipfYlyU1CmOnOxrmGcFOjeA==

d@1, d@^1.0.1:
  version "1.0.1"
  resolved "https://registry.npmmirror.com/d/-/d-1.0.1.tgz#8698095372d58dbee346ffd0c7093f99f8f9eb5a"
  integrity sha512-m62ShEObQ39CfralilEQRjH6oAMtNCV1xJyEx5LpRYUVN+EviphDgUc/F3hnYbADmkiNs67Y+3ylmlG7Lnu+FA==
  dependencies:
    es5-ext "^0.10.50"
    type "^1.0.1"

dayjs@^1.10.7:
  version "1.11.5"
  resolved "https://registry.npmmirror.com/dayjs/-/dayjs-1.11.5.tgz#00e8cc627f231f9499c19b38af49f56dc0ac5e93"
  integrity sha512-CAdX5Q3YW3Gclyo5Vpqkgpj8fSdLQcRuzfX6mC6Phy0nfJ0eGYOeS7m4mt2plDWLAtA4TqTakvbboHvUxfe4iA==

dom7@^3.0.0:
  version "3.0.0"
  resolved "https://registry.npmmirror.com/dom7/-/dom7-3.0.0.tgz#b861ce5d67a6becd7aaa3ad02942ff14b1240331"
  integrity sha512-oNlcUdHsC4zb7Msx7JN3K0Nro1dzJ48knvBOnDPKJ2GV9wl1i5vydJZUSyOfrkKFDZEud/jBsTk92S/VGSAe/g==
  dependencies:
    ssr-window "^3.0.0-alpha.1"

element-plus@1.3.0-beta.1:
  version "1.3.0-beta.1"
  resolved "https://registry.npmmirror.com/element-plus/-/element-plus-1.3.0-beta.1.tgz#4df67fcedb0c13d14c9f54eea7b739109f5df49f"
  integrity sha512-q3vMaKElPpuSTeIF7kuDmMOE+N1YVCCIG3fshXpz6qgjnxPbgZumVM0qGfhr8DTu9JxRbBoDok49dqtX/BWn3w==
  dependencies:
    "@ctrl/tinycolor" "^3.4.0"
    "@element-plus/icons-vue" "^0.2.4"
    "@popperjs/core" "^2.10.2"
    "@vueuse/core" "^7.3.0"
    async-validator "^4.0.7"
    dayjs "^1.10.7"
    lodash "^4.17.21"
    memoize-one "^6.0.0"
    normalize-wheel-es "^1.1.1"

es5-ext@^0.10.35, es5-ext@^0.10.50, es5-ext@~0.10.14:
  version "0.10.62"
  resolved "https://registry.npmmirror.com/es5-ext/-/es5-ext-0.10.62.tgz#5e6adc19a6da524bf3d1e02bbc8960e5eb49a9a5"
  integrity sha512-BHLqn0klhEpnOKSrzn/Xsz2UIW8j+cGmo9JLzr8BiUapV8hPL9+FliFqjwr9ngW7jWdnxv6eO+/LqyhJVqgrjA==
  dependencies:
    es6-iterator "^2.0.3"
    es6-symbol "^3.1.3"
    next-tick "^1.1.0"

es6-iterator@^2.0.3:
  version "2.0.3"
  resolved "https://registry.npmmirror.com/es6-iterator/-/es6-iterator-2.0.3.tgz#a7de889141a05a94b0854403b2d0a0fbfa98f3b7"
  integrity sha512-zw4SRzoUkd+cl+ZoE15A9o1oQd920Bb0iOJMQkQhl3jNc03YqVjAhG7scf9C5KWRU/R13Orf588uCC6525o02g==
  dependencies:
    d "1"
    es5-ext "^0.10.35"
    es6-symbol "^3.1.1"

es6-symbol@^3.1.1, es6-symbol@^3.1.3:
  version "3.1.3"
  resolved "https://registry.npmmirror.com/es6-symbol/-/es6-symbol-3.1.3.tgz#bad5d3c1bcdac28269f4cb331e431c78ac705d18"
  integrity sha512-NJ6Yn3FuDinBaBRWl/q5X/s4koRHBrgKAu+yGI6JCBeiu3qrcbJhwT2GeR/EXVfylRk8dpQVJoLEFhK+Mu31NA==
  dependencies:
    d "^1.0.1"
    ext "^1.1.2"

esbuild@^0.12.5:
  version "0.12.29"
  resolved "https://registry.npmmirror.com/esbuild/-/esbuild-0.12.29.tgz#be602db7c4dc78944a9dbde0d1ea19d36c1f882d"
  integrity sha512-w/XuoBCSwepyiZtIRsKsetiLDUVGPVw1E/R3VTFSecIy8UR7Cq3SOtwKHJMFoVqqVG36aGkzh4e8BvpO1Fdc7g==

estree-walker@^2.0.2:
  version "2.0.2"
  resolved "https://registry.npmmirror.com/estree-walker/-/estree-walker-2.0.2.tgz#52f010178c2a4c117a7757cfe942adb7d2da4cac"
  integrity sha512-Rfkk/Mp/DL7JVje3u18FxFujQlTNR2q6QfMSMB7AvCBx91NGj/ba3kCfza0f6dVDbw7YlRf/nDrn7pQrCCyQ/w==

event-emitter@^0.3.5:
  version "0.3.5"
  resolved "https://registry.npmmirror.com/event-emitter/-/event-emitter-0.3.5.tgz#df8c69eef1647923c7157b9ce83840610b02cc39"
  integrity sha512-D9rRn9y7kLPnJ+hMq7S/nhvoKwwvVJahBi2BPmx3bvbsEdK3W9ii8cBSGjP+72/LnM4n6fo3+dkCX5FeTQruXA==
  dependencies:
    d "1"
    es5-ext "~0.10.14"

ext@^1.1.2:
  version "1.7.0"
  resolved "https://registry.npmmirror.com/ext/-/ext-1.7.0.tgz#0ea4383c0103d60e70be99e9a7f11027a33c4f5f"
  integrity sha512-6hxeJYaL110a9b5TEJSj0gojyHQAmA2ch5Os+ySCiA1QGdS697XWY1pzsrSjqA9LDEEgdB/KypIlR59RcLuHYw==
  dependencies:
    type "^2.7.2"

follow-redirects@^1.14.0:
  version "1.15.1"
  resolved "https://registry.npmmirror.com/follow-redirects/-/follow-redirects-1.15.1.tgz#0ca6a452306c9b276e4d3127483e29575e207ad5"
  integrity sha512-yLAMQs+k0b2m7cVxpS1VKJVvoz7SS9Td1zss3XRwXj+ZDH00RJgnuLx7E44wx02kQLrdM3aOOy+FpzS7+8OizA==

fsevents@~2.3.1, fsevents@~2.3.2:
  version "2.3.2"
  resolved "https://registry.npmmirror.com/fsevents/-/fsevents-2.3.2.tgz#8a526f78b8fdf4623b709e0b975c52c24c02fd1a"
  integrity sha512-xiqMQR4xAeHTuB9uWm+fFRcIOgKBMiOBP+eXiyT7jsgVCq1bkVygt00oASowB7EdtpOHaaPgKt812P9ab+DDKA==

function-bind@^1.1.1:
  version "1.1.1"
  resolved "https://registry.npmmirror.com/function-bind/-/function-bind-1.1.1.tgz#a56899d3ea3c9bab874bb9773b7c5ede92f4895d"
  integrity sha512-yIovAzMX49sF8Yl58fSCWJ5svSLuaibPxXQJFLmBObTuCr0Mf1KiPopGM9NiFjiYBCbfaa2Fh6breQ6ANVTI0A==

get-intrinsic@^1.0.2:
  version "1.1.2"
  resolved "https://registry.npmmirror.com/get-intrinsic/-/get-intrinsic-1.1.2.tgz#336975123e05ad0b7ba41f152ee4aadbea6cf598"
  integrity sha512-Jfm3OyCxHh9DJyc28qGk+JmfkpO41A4XkneDSujN9MDXrm4oDKdHvndhZ2dN94+ERNfkYJWDclW6k2L/ZGHjXA==
  dependencies:
    function-bind "^1.1.1"
    has "^1.0.3"
    has-symbols "^1.0.3"

has-symbols@^1.0.3:
  version "1.0.3"
  resolved "https://registry.npmmirror.com/has-symbols/-/has-symbols-1.0.3.tgz#bb7b2c4349251dce87b125f7bdf874aa7c8b39f8"
  integrity sha512-l3LCuF6MgDNwTDKkdYGEihYjt5pRPbEg46rtlmnSPlUbgmB8LOIrKJbYYFBSbnPaJexMKtiPO8hmeRjRz2Td+A==

has@^1.0.3:
  version "1.0.3"
  resolved "https://registry.npmmirror.com/has/-/has-1.0.3.tgz#722d7cbfc1f6aa8241f16dd814e011e1f41e8796"
  integrity sha512-f2dvO0VU6Oej7RkWJGrehjbzMAjFp5/VKPp5tTpWIV4JHHZK1/BxbFRtf/siA2SWTe09caDmVtYYzWEIbBS4zw==
  dependencies:
    function-bind "^1.1.1"

highlight.js@^11.4.0:
  version "11.6.0"
  resolved "https://registry.npmmirror.com/highlight.js/-/highlight.js-11.6.0.tgz#a50e9da05763f1bb0c1322c8f4f755242cff3f5a"
  integrity sha512-ig1eqDzJaB0pqEvlPVIpSSyMaO92bH1N2rJpLMN/nX396wTpDA4Eq0uK+7I/2XG17pFaaKE0kjV/XPeGt7Evjw==

hls.js@^1.0.10:
  version "1.2.1"
  resolved "https://registry.npmmirror.com/hls.js/-/hls.js-1.2.1.tgz#09b0207c60fcb3340a88e8d3d1523799fe5fbedf"
  integrity sha512-+m/5+ikSpmQQvb6FmVWZUZfzvTJMn/QVfiCGP1Oq9WW4RKrAvxlExkhhbcVGgGqLNPFk1kdFkVQur//wKu3JVw==

html-void-elements@^2.0.0:
  version "2.0.1"
  resolved "https://registry.npmmirror.com/html-void-elements/-/html-void-elements-2.0.1.tgz#29459b8b05c200b6c5ee98743c41b979d577549f"
  integrity sha512-0quDb7s97CfemeJAnW9wC0hw78MtW7NU3hqtCD75g2vFlDLt36llsYD7uB7SUzojLMP24N5IatXf7ylGXiGG9A==

i18next@^20.4.0:
  version "20.6.1"
  resolved "https://registry.npmmirror.com/i18next/-/i18next-20.6.1.tgz#535e5f6e5baeb685c7d25df70db63bf3cc0aa345"
  integrity sha512-yCMYTMEJ9ihCwEQQ3phLo7I/Pwycf8uAx+sRHwwk5U9Aui/IZYgQRyMqXafQOw5QQ7DM1Z+WyEXWIqSuJHhG2A==
  dependencies:
    "@babel/runtime" "^7.12.0"

immer@^9.0.6:
  version "9.0.15"
  resolved "https://registry.npmmirror.com/immer/-/immer-9.0.15.tgz#0b9169e5b1d22137aba7d43f8a81a495dd1b62dc"
  integrity sha512-2eB/sswms9AEUSkOm4SbV5Y7Vmt/bKRwByd52jfLkW4OLYeaTP3EEiJ9agqU0O/tq6Dk62Zfj+TJSqfm1rLVGQ==

is-core-module@^2.9.0:
  version "2.10.0"
  resolved "https://registry.npmmirror.com/is-core-module/-/is-core-module-2.10.0.tgz#9012ede0a91c69587e647514e1d5277019e728ed"
  integrity sha512-Erxj2n/LDAZ7H8WNJXd9tw38GYM3dv8rk8Zcs+jJuxYTW7sozH+SS8NtrSjVL1/vpLvWi1hxy96IzjJ3EHTJJg==
  dependencies:
    has "^1.0.3"

is-hotkey@^0.2.0:
  version "0.2.0"
  resolved "https://registry.npmmirror.com/is-hotkey/-/is-hotkey-0.2.0.tgz#1835a68171a91e5c9460869d96336947c8340cef"
  integrity sha512-UknnZK4RakDmTgz4PI1wIph5yxSs/mvChWs9ifnlXsKuXgWmOkY/hAE0H/k2MIqH0RlRye0i1oC07MCRSD28Mw==

is-plain-object@^5.0.0:
  version "5.0.0"
  resolved "https://registry.npmmirror.com/is-plain-object/-/is-plain-object-5.0.0.tgz#4427f50ab3429e9025ea7d52e9043a9ef4159344"
  integrity sha512-VRSzKkbMm5jMDoKLbltAkFQ5Qr7VDiTFGXxYFXXowVj387GeGNOCsOH6Msy00SGZ3Fp84b1Naa1psqgcCIEP5Q==

is-url@^1.2.4:
  version "1.2.4"
  resolved "https://registry.npmmirror.com/is-url/-/is-url-1.2.4.tgz#04a4df46d28c4cff3d73d01ff06abeb318a1aa52"
  integrity sha512-ITvGim8FhRiYe4IQ5uHSkj7pVaPDrCTkNd3yq3cV7iZAcJdHTUMPMEHcqSOy9xZ9qFenQCvi+2wjH9a1nXqHww==

lodash.camelcase@^4.3.0:
  version "4.3.0"
  resolved "https://registry.npmmirror.com/lodash.camelcase/-/lodash.camelcase-4.3.0.tgz#b28aa6288a2b9fc651035c7711f65ab6190331a6"
  integrity sha512-TwuEnCnxbc3rAvhf/LbG7tJUDzhqXyFnv3dtzLOPgCG/hODL7WFnsbwktkD7yUV0RrreP/l1PALq/YSg6VvjlA==

lodash.clonedeep@^4.5.0:
  version "4.5.0"
  resolved "https://registry.npmmirror.com/lodash.clonedeep/-/lodash.clonedeep-4.5.0.tgz#e23f3f9c4f8fbdde872529c1071857a086e5ccef"
  integrity sha512-H5ZhCF25riFd9uB5UCkVKo61m3S/xZk1x4wA6yp/L3RFP6Z/eHH1ymQcGLo7J3GMPfm0V/7m1tryHuGVxpqEBQ==

lodash.debounce@^4.0.8:
  version "4.0.8"
  resolved "https://registry.npmmirror.com/lodash.debounce/-/lodash.debounce-4.0.8.tgz#82d79bff30a67c4005ffd5e2515300ad9ca4d7af"
  integrity sha512-FT1yDzDYEoYWhnSGnpE/4Kj1fLZkDFyqRb7fNt6FdYOSxlUWAtp42Eh6Wb0rGIv/m9Bgo7x4GhQbm5Ys4SG5ow==

lodash.foreach@^4.5.0:
  version "4.5.0"
  resolved "https://registry.npmmirror.com/lodash.foreach/-/lodash.foreach-4.5.0.tgz#1a6a35eace401280c7f06dddec35165ab27e3e53"
  integrity sha512-aEXTF4d+m05rVOAUG3z4vZZ4xVexLKZGF0lIxuHZ1Hplpk/3B6Z1+/ICICYRLm7c41Z2xiejbkCkJoTlypoXhQ==

lodash.isequal@^4.5.0:
  version "4.5.0"
  resolved "https://registry.npmmirror.com/lodash.isequal/-/lodash.isequal-4.5.0.tgz#415c4478f2bcc30120c22ce10ed3226f7d3e18e0"
  integrity sha512-pDo3lu8Jhfjqls6GkMgpahsF9kCyayhgykjyLMNFTKWrpVdAQtYyB4muAMWozBB4ig/dtWAmsMxLEI8wuz+DYQ==

lodash.throttle@^4.1.1:
  version "4.1.1"
  resolved "https://registry.npmmirror.com/lodash.throttle/-/lodash.throttle-4.1.1.tgz#c23e91b710242ac70c37f1e1cda9274cc39bf2f4"
  integrity sha512-wIkUCfVKpVsWo3JSZlc+8MB5it+2AN5W8J7YVMST30UrvcQNZ1Okbj+rbVniijTWE6FGYy4XJq/rHkas8qJMLQ==

lodash.toarray@^4.4.0:
  version "4.4.0"
  resolved "https://registry.npmmirror.com/lodash.toarray/-/lodash.toarray-4.4.0.tgz#24c4bfcd6b2fba38bfd0594db1179d8e9b656561"
  integrity sha512-QyffEA3i5dma5q2490+SgCvDN0pXLmRGSyAANuVi0HQ01Pkfr9fuoKQW8wm1wGBnJITs/mS7wQvS6VshUEBFCw==

lodash@^4.17.21:
  version "4.17.21"
  resolved "https://registry.npmmirror.com/lodash/-/lodash-4.17.21.tgz#679591c564c3bffaae8454cf0b3df370c3d6911c"
  integrity sha512-v2kDEe57lecTulaDIuNTPy3Ry4gLGJ6Z1O3vE1krgXZNrsQ+LFTGHVxVjcXPs17LhbZVGedAJv8XZ1tvj5FvSg==

magic-string@^0.25.7:
  version "0.25.9"
  resolved "https://registry.npmmirror.com/magic-string/-/magic-string-0.25.9.tgz#de7f9faf91ef8a1c91d02c2e5314c8277dbcdd1c"
  integrity sha512-RmF0AsMzgt25qzqqLc1+MbHmhdx0ojF2Fvs4XnOqz2ZOBXzzkEwc/dJQZCYHAn7v1jbVOjAZfK8msRn4BxO4VQ==
  dependencies:
    sourcemap-codec "^1.4.8"

marked@^4.0.12:
  version "4.1.0"
  resolved "https://registry.npmmirror.com/marked/-/marked-4.1.0.tgz#3fc6e7485f21c1ca5d6ec4a39de820e146954796"
  integrity sha512-+Z6KDjSPa6/723PQYyc1axYZpYYpDnECDaU6hkaf5gqBieBkMKYReL5hteF2QizhlMbgbo8umXl/clZ67+GlsA==

memoize-one@^6.0.0:
  version "6.0.0"
  resolved "https://registry.npmmirror.com/memoize-one/-/memoize-one-6.0.0.tgz#b2591b871ed82948aee4727dc6abceeeac8c1045"
  integrity sha512-rkpe71W0N0c0Xz6QD0eJETuWAJGnJ9afsl1srmwPrI+yBCkge5EycXXbYRyvL29zZVUWQCY7InPRCv3GDXuZNw==

mime-match@^1.0.2:
  version "1.0.2"
  resolved "https://registry.npmmirror.com/mime-match/-/mime-match-1.0.2.tgz#3f87c31e9af1a5fd485fb9db134428b23bbb7ba8"
  integrity sha512-VXp/ugGDVh3eCLOBCiHZMYWQaTNUHv2IJrut+yXA6+JbLPXHglHwfS/5A5L0ll+jkCY7fIzRJcH6OIunF+c6Cg==
  dependencies:
    wildcard "^1.1.0"

moment@^2.29.1:
  version "2.29.4"
  resolved "https://registry.npmmirror.com/moment/-/moment-2.29.4.tgz#3dbe052889fe7c1b2ed966fcb3a77328964ef108"
  integrity sha512-5LC9SOxjSc2HF6vO2CyuTDNivEdoz2IvyJJGj6X8DJ0eFyfszE0QiEd+iXmBvUP3WHxSjFH/vIsA0EN00cgr8w==

namespace-emitter@^2.0.1:
  version "2.0.1"
  resolved "https://registry.npmmirror.com/namespace-emitter/-/namespace-emitter-2.0.1.tgz#978d51361c61313b4e6b8cf6f3853d08dfa2b17c"
  integrity sha512-N/sMKHniSDJBjfrkbS/tpkPj4RAbvW3mr8UAzvlMHyun93XEm83IAvhWtJVHo+RHn/oO8Job5YN4b+wRjSVp5g==

nanoid@^3.1.25, nanoid@^3.2.0, nanoid@^3.3.4:
  version "3.3.4"
  resolved "https://registry.npmmirror.com/nanoid/-/nanoid-3.3.4.tgz#730b67e3cd09e2deacf03c027c81c9d9dbc5e8ab"
  integrity sha512-MqBkQh/OHTS2egovRtLk45wEyNXwF+cokD+1YPf9u5VfJiRdAiRwB2froX5Co9Rh20xs4siNPm8naNotSD6RBw==

next-tick@^1.1.0:
  version "1.1.0"
  resolved "https://registry.npmmirror.com/next-tick/-/next-tick-1.1.0.tgz#1836ee30ad56d67ef281b22bd199f709449b35eb"
  integrity sha512-CXdUiJembsNjuToQvxayPZF9Vqht7hewsvy2sOWafLvi2awflj9mOC6bHIg50orX8IJvWKY9wYQ/zB2kogPslQ==

normalize-wheel-es@^1.1.1:
  version "1.2.0"
  resolved "https://registry.npmmirror.com/normalize-wheel-es/-/normalize-wheel-es-1.2.0.tgz#0fa2593d619f7245a541652619105ab076acf09e"
  integrity sha512-Wj7+EJQ8mSuXr2iWfnujrimU35R2W4FAErEyTmJoJ7ucwTn2hOUSsRehMb5RSYkxXGTM7Y9QpvPmp++w5ftoJw==

nprogress@^0.2.0:
  version "0.2.0"
  resolved "https://registry.npmmirror.com/nprogress/-/nprogress-0.2.0.tgz#cb8f34c53213d895723fcbab907e9422adbcafb1"
  integrity sha512-I19aIingLgR1fmhftnbWWO3dXc0hSxqHQHQb3H8m+K3TnEn/iSeTZZOyvKXWqQESMwuUVnatlCnZdLBZZt2VSA==

object-inspect@^1.9.0:
  version "1.12.2"
  resolved "https://registry.npmmirror.com/object-inspect/-/object-inspect-1.12.2.tgz#c0641f26394532f28ab8d796ab954e43c009a8ea"
  integrity sha512-z+cPxW0QGUp0mcqcsgQyLVRDoXFQbXOwBaqyF7VIgI4TWNQsDHrBpUQslRmIfAoYWdYzs6UlKJtB2XJpTaNSpQ==

path-parse@^1.0.7:
  version "1.0.7"
  resolved "https://registry.npmmirror.com/path-parse/-/path-parse-1.0.7.tgz#fbc114b60ca42b30d9daf5858e4bd68bbedb6735"
  integrity sha512-LDJzPVEEEPR+y48z93A0Ed0yXb8pAByGWo/k5YYdYgpY2/2EsOsksJrq7lOHxryrVOn1ejG6oAp8ahvOIQD8sw==

picocolors@^1.0.0:
  version "1.0.0"
  resolved "https://registry.npmmirror.com/picocolors/-/picocolors-1.0.0.tgz#cb5bdc74ff3f51892236eaf79d68bc44564ab81c"
  integrity sha512-1fygroTLlHu66zi26VoTDv8yRgm0Fccecssto+MhsZ0D/DGW2sm8E8AjW7NU5VVTRt5GxbeZ5qBuJr+HyLYkjQ==

postcss@^8.1.10, postcss@^8.3.0:
  version "8.4.16"
  resolved "https://registry.npmmirror.com/postcss/-/postcss-8.4.16.tgz#33a1d675fac39941f5f445db0de4db2b6e01d43c"
  integrity sha512-ipHE1XBvKzm5xI7hiHCZJCSugxvsdq2mPnsq5+UF+VHCjiBvtDrlxJfMBToWaP9D5XlgNmcFGqoHmUn0EYEaRQ==
  dependencies:
    nanoid "^3.3.4"
    picocolors "^1.0.0"
    source-map-js "^1.0.2"

preact@^10.5.13:
  version "10.11.0"
  resolved "https://registry.npmmirror.com/preact/-/preact-10.11.0.tgz#26af45a0613f4e17a197cc39d7a1ea23e09b2532"
  integrity sha512-Fk6+vB2kb6mSJfDgODq0YDhMfl0HNtK5+Uc9QqECO4nlyPAQwCI+BKyWO//idA7ikV7o+0Fm6LQmNuQi1wXI1w==

prismjs@^1.23.0:
  version "1.29.0"
  resolved "https://registry.npmmirror.com/prismjs/-/prismjs-1.29.0.tgz#f113555a8fa9b57c35e637bba27509dcf802dd12"
  integrity sha512-Kx/1w86q/epKcmte75LNrEoT+lX8pBpavuAbvJWRXar7Hz8jrtF+e3vY751p0R8H9HdArwaCTNDDzHg/ScJK1Q==

qs@^6.10.3:
  version "6.11.0"
  resolved "https://registry.npmmirror.com/qs/-/qs-6.11.0.tgz#fd0d963446f7a65e1367e01abd85429453f0c37a"
  integrity sha512-MvjoMCJwEarSbUYk5O+nmoSzSutSsTwF85zcHPQ9OrlFoZOYIjaqBAJIqIXjptyD5vThxGq52Xu/MaJzRkIk4Q==
  dependencies:
    side-channel "^1.0.4"

regenerator-runtime@^0.13.4:
  version "0.13.9"
  resolved "https://registry.npmmirror.com/regenerator-runtime/-/regenerator-runtime-0.13.9.tgz#8925742a98ffd90814988d7566ad30ca3b263b52"
  integrity sha512-p3VT+cOEgxFsRRA9X4lkI1E+k2/CtnKtU4gcxyaCUreilL/vqI6CdZ3wxVUx3UOUg+gnUOQQcRI7BmSI656MYA==

resolve@^1.19.0:
  version "1.22.1"
  resolved "https://registry.npmmirror.com/resolve/-/resolve-1.22.1.tgz#27cb2ebb53f91abb49470a928bba7558066ac177"
  integrity sha512-nBpuuYuY5jFsli/JIs1oldw6fOQCBioohqWZg/2hiaOybXOft4lonv85uDOKXdf8rhyK159cxU5cDcK/NKk8zw==
  dependencies:
    is-core-module "^2.9.0"
    path-parse "^1.0.7"
    supports-preserve-symlinks-flag "^1.0.0"

rollup@^2.38.5:
  version "2.79.0"
  resolved "https://registry.npmmirror.com/rollup/-/rollup-2.79.0.tgz#9177992c9f09eb58c5e56cbfa641607a12b57ce2"
  integrity sha512-x4KsrCgwQ7ZJPcFA/SUu6QVcYlO7uRLfLAy0DSA4NS2eG8japdbpM50ToH7z4iObodRYOJ0soneF0iaQRJ6zhA==
  optionalDependencies:
    fsevents "~2.3.2"

schart.js@^3.0.0:
  version "3.0.4"
  resolved "https://registry.npmmirror.com/schart.js/-/schart.js-3.0.4.tgz#3bfb3e1ebbc63b4f5ce84606ee03fe575355defc"
  integrity sha512-uylb2u9rrHX1jyAuSAJUQON8XTfyDKI9kWj1J3fUlCQCkLVZ4HG4+IiV8qm//Z71dqvLI78QZ/fCBw0reB22Zw==

scroll-into-view-if-needed@^2.2.28:
  version "2.2.29"
  resolved "https://registry.npmmirror.com/scroll-into-view-if-needed/-/scroll-into-view-if-needed-2.2.29.tgz#551791a84b7e2287706511f8c68161e4990ab885"
  integrity sha512-hxpAR6AN+Gh53AdAimHM6C8oTN1ppwVZITihix+WqalywBeFcQ6LdQP5ABNl26nX8GTEL7VT+b8lKpdqq65wXg==
  dependencies:
    compute-scroll-into-view "^1.0.17"

side-channel@^1.0.4:
  version "1.0.4"
  resolved "https://registry.npmmirror.com/side-channel/-/side-channel-1.0.4.tgz#efce5c8fdc104ee751b25c58d4290011fa5ea2cf"
  integrity sha512-q5XPytqFEIKHkGdiMIrY10mvLRvnQh42/+GoBlFW3b2LXLE2xxJpZFdm94we0BaoV3RwJyGqg5wS7epxTv0Zvw==
  dependencies:
    call-bind "^1.0.0"
    get-intrinsic "^1.0.2"
    object-inspect "^1.9.0"

slate-history@^0.66.0:
  version "0.66.0"
  resolved "https://registry.npmmirror.com/slate-history/-/slate-history-0.66.0.tgz#ac63fddb903098ceb4c944433e3f75fe63acf940"
  integrity sha512-6MWpxGQZiMvSINlCbMW43E2YBSVMCMCIwQfBzGssjWw4kb0qfvj0pIdblWNRQZD0hR6WHP+dHHgGSeVdMWzfng==
  dependencies:
    is-plain-object "^5.0.0"

slate@^0.72.0:
  version "0.72.8"
  resolved "https://registry.npmmirror.com/slate/-/slate-0.72.8.tgz#5a018edf24e45448655293a68bfbcf563aa5ba81"
  integrity sha512-/nJwTswQgnRurpK+bGJFH1oM7naD5qDmHd89JyiKNT2oOKD8marW0QSBtuFnwEbL5aGCS8AmrhXQgNOsn4osAw==
  dependencies:
    immer "^9.0.6"
    is-plain-object "^5.0.0"
    tiny-warning "^1.0.3"

snabbdom@^3.1.0:
  version "3.5.1"
  resolved "https://registry.npmmirror.com/snabbdom/-/snabbdom-3.5.1.tgz#25f80ef15b194baea703d9d5441892e369de18e1"
  integrity sha512-wHMNIOjkm/YNE5EM3RCbr/+DVgPg6AqQAX1eOxO46zYNvCXjKP5Y865tqQj3EXnaMBjkxmQA5jFuDpDK/dbfiA==

source-map-js@^1.0.2:
  version "1.0.2"
  resolved "https://registry.npmmirror.com/source-map-js/-/source-map-js-1.0.2.tgz#adbc361d9c62df380125e7f161f71c826f1e490c"
  integrity sha512-R0XvVJ9WusLiqTCEiGCmICCMplcCkIwwR11mOSD9CR5u+IXYdiseeEuXCVAjS54zqwkLcPNnmU4OeJ6tUrWhDw==

source-map@0.6.1, source-map@^0.6.1:
  version "0.6.1"
  resolved "https://registry.npmmirror.com/source-map/-/source-map-0.6.1.tgz#74722af32e9614e9c287a8d0bbde48b5e2f1a263"
  integrity sha512-UjgapumWlbMhkBgzT7Ykc5YXUT46F0iKu8SGXq0bcwP5dz/h0Plj6enJqjz1Zbq2l5WaqYnrVbwWOWMyF3F47g==

sourcemap-codec@^1.4.8:
  version "1.4.8"
  resolved "https://registry.npmmirror.com/sourcemap-codec/-/sourcemap-codec-1.4.8.tgz#ea804bd94857402e6992d05a38ef1ae35a9ab4c4"
  integrity sha512-9NykojV5Uih4lgo5So5dtw+f0JgJX30KCNI8gwhz2J9A15wD0Ml6tjHKwf6fTSa6fAdVBdZeNOs9eJ71qCk8vA==

ssr-window@^3.0.0-alpha.1:
  version "3.0.0"
  resolved "https://registry.npmmirror.com/ssr-window/-/ssr-window-3.0.0.tgz#fd5b82801638943e0cc704c4691801435af7ac37"
  integrity sha512-q+8UfWDg9Itrg0yWK7oe5p/XRCJpJF9OBtXfOPgSJl+u3Xd5KI328RUEvUqSMVM9CiQUEf1QdBzJMkYGErj9QA==

supports-preserve-symlinks-flag@^1.0.0:
  version "1.0.0"
  resolved "https://registry.npmmirror.com/supports-preserve-symlinks-flag/-/supports-preserve-symlinks-flag-1.0.0.tgz#6eda4bd344a3c94aea376d4cc31bc77311039e09"
  integrity sha512-ot0WnXS9fgdkgIcePe6RHNk1WA8+muPa6cSjeR3V8K27q9BB1rTE3R1p7Hv0z1ZyAc8s6Vvv8DIyWf681MAt0w==

throttle-debounce@^3.0.1:
  version "3.0.1"
  resolved "https://registry.npmmirror.com/throttle-debounce/-/throttle-debounce-3.0.1.tgz#32f94d84dfa894f786c9a1f290e7a645b6a19abb"
  integrity sha512-dTEWWNu6JmeVXY0ZYoPuH5cRIwc0MeGbJwah9KUNYSJwommQpCzTySTpEe8Gs1J23aeWEuAobe4Ag7EHVt/LOg==

tiny-warning@^1.0.3:
  version "1.0.3"
  resolved "https://registry.npmmirror.com/tiny-warning/-/tiny-warning-1.0.3.tgz#94a30db453df4c643d0fd566060d60a875d84754"
  integrity sha512-lBN9zLN/oAf68o3zNXYrdCt1kP8WsiGW8Oo2ka41b2IM5JL/S1CTyX1rW0mb/zSuJun0ZUrDxx4sqvYS2FWzPA==

type@^1.0.1:
  version "1.2.0"
  resolved "https://registry.npmmirror.com/type/-/type-1.2.0.tgz#848dd7698dafa3e54a6c479e759c4bc3f18847a0"
  integrity sha512-+5nt5AAniqsCnu2cEQQdpzCAh33kVx8n0VoFidKpB1dVVLAN/F+bgVOqOJqOnEnrhp222clB5p3vUlD+1QAnfg==

type@^2.7.2:
  version "2.7.2"
  resolved "https://registry.npmmirror.com/type/-/type-2.7.2.tgz#2376a15a3a28b1efa0f5350dcf72d24df6ef98d0"
  integrity sha512-dzlvlNlt6AXU7EBSfpAscydQ7gXB+pPGsPnfJnZpiNJBDj7IaJzQlBZYGdEi4R9HmPdBv2XmWJ6YUtoTa7lmCw==

vite@2.3.7:
  version "2.3.7"
  resolved "https://registry.npmmirror.com/vite/-/vite-2.3.7.tgz#3023892419367465e1af1739578f8663d04243b2"
  integrity sha512-Y0xRz11MPYu/EAvzN94+FsOZHbSvO6FUvHv127CyG7mV6oDoay2bw+g5y9wW3Blf8OY3chaz3nc/DcRe1IQ3Nw==
  dependencies:
    esbuild "^0.12.5"
    postcss "^8.3.0"
    resolve "^1.19.0"
    rollup "^2.38.5"
  optionalDependencies:
    fsevents "~2.3.1"

vue-cookies@^1.7.4:
  version "1.8.1"
  resolved "https://registry.npmmirror.com/vue-cookies/-/vue-cookies-1.8.1.tgz#8aeadd7ff9933b820de8c3f121c2be27c5ead7b5"
  integrity sha512-PDq1EaiRRyau5PBQVscXboHW+iWtcG4wRY2UKIz1j0nrjb3KESRU1PUyNUDdOajAwy4RH1IfiNR0suhWRXQdrA==

vue-cropperjs@^5.0.0:
  version "5.0.0"
  resolved "https://registry.npmmirror.com/vue-cropperjs/-/vue-cropperjs-5.0.0.tgz#7f8cbc460737af3831b4ded634c95905198e329e"
  integrity sha512-RhnC8O33uRZNkn74aiHZwNHnBJOXWlS4P6gsRI0lw4cZlWjKSCywZI9oSI9POlIPI6OYv30jvnHMXGch85tw7w==
  dependencies:
    cropperjs "^1.5.6"

vue-demi@*:
  version "0.13.11"
  resolved "https://registry.npmmirror.com/vue-demi/-/vue-demi-0.13.11.tgz#7d90369bdae8974d87b1973564ad390182410d99"
  integrity sha512-IR8HoEEGM65YY3ZJYAjMlKygDQn25D5ajNFNoKh9RSDMQtlzCxtfQjdQgv9jjK+m3377SsJXY8ysq8kLCZL25A==

vue-i18n@^9.0.0:
  version "9.2.2"
  resolved "https://registry.npmmirror.com/vue-i18n/-/vue-i18n-9.2.2.tgz#aeb49d9424923c77e0d6441e3f21dafcecd0e666"
  integrity sha512-yswpwtj89rTBhegUAv9Mu37LNznyu3NpyLQmozF3i1hYOhwpG8RjcjIFIIfnu+2MDZJGSZPXaKWvnQA71Yv9TQ==
  dependencies:
    "@intlify/core-base" "9.2.2"
    "@intlify/shared" "9.2.2"
    "@intlify/vue-devtools" "9.2.2"
    "@vue/devtools-api" "^6.2.1"

vue-router@^4.0.10:
  version "4.1.5"
  resolved "https://registry.npmmirror.com/vue-router/-/vue-router-4.1.5.tgz#256f597e3f5a281a23352a6193aa6e342c8d9f9a"
  integrity sha512-IsvoF5D2GQ/EGTs/Th4NQms9gd2NSqV+yylxIyp/OYp8xOwxmU8Kj/74E9DTSYAyH5LX7idVUngN3JSj1X4xcQ==
  dependencies:
    "@vue/devtools-api" "^6.1.4"

vue-schart@^2.0.0:
  version "2.0.0"
  resolved "https://registry.npmmirror.com/vue-schart/-/vue-schart-2.0.0.tgz#744f26bbbf3c10bc5a584931e002335970810901"
  integrity sha512-qAu3e5wfMcq26wK1xeHExEWfGpnjfoN1R/9QXblNi+AsU/p52X7tTwhi+Fw7H/otfEufhEY2X7z7emaoF4QO+g==
  dependencies:
    schart.js "^3.0.0"

vue3-video-play@^1.3.1-beta.6:
  version "1.3.1-beta.6"
  resolved "https://registry.npmmirror.com/vue3-video-play/-/vue3-video-play-1.3.1-beta.6.tgz#bca3f55a11053eaa37053835e4610c04d9cc509e"
  integrity sha512-Olrx2/LNAds7fuor/yX9ZKT9sOcwcfTt2g2YbbCrEaAmZ5Tb0hwBr5z+/CoLwELzzRzXCHPmWWoT0Wm5W/Nwpw==
  dependencies:
    hls.js "^1.0.10"
    throttle-debounce "^3.0.1"
    vue "^3.2.2"

vue@^3.2.2:
  version "3.2.39"
  resolved "https://registry.npmmirror.com/vue/-/vue-3.2.39.tgz#de071c56c4c32c41cbd54e55f11404295c0dd62d"
  integrity sha512-tRkguhRTw9NmIPXhzk21YFBqXHT2t+6C6wPOgQ50fcFVWnPdetmRqbmySRHznrYjX2E47u0cGlKGcxKZJ38R/g==
  dependencies:
    "@vue/compiler-dom" "3.2.39"
    "@vue/compiler-sfc" "3.2.39"
    "@vue/runtime-dom" "3.2.39"
    "@vue/server-renderer" "3.2.39"
    "@vue/shared" "3.2.39"

vuex@^4.0.2:
  version "4.0.2"
  resolved "https://registry.npmmirror.com/vuex/-/vuex-4.0.2.tgz#f896dbd5bf2a0e963f00c67e9b610de749ccacc9"
  integrity sha512-M6r8uxELjZIK8kTKDGgZTYX/ahzblnzC4isU1tpmEuOIIKmV+TRdc+H4s8ds2NuZ7wpUTdGRzJRtoj+lI+pc0Q==
  dependencies:
    "@vue/devtools-api" "^6.0.0-beta.11"

wildcard@^1.1.0:
  version "1.1.2"
  resolved "https://registry.npmmirror.com/wildcard/-/wildcard-1.1.2.tgz#a7020453084d8cd2efe70ba9d3696263de1710a5"
  integrity sha512-DXukZJxpHA8LuotRwL0pP1+rS6CS7FF2qStDDE1C7DDg2rLud2PXRMuEDYIPhgEezwnlHNL4c+N6MfMTjCGTng==
